
Microsoft Visual Studio Solution File, Format Version 12.00
# Visual Studio Express 2012 for Windows Desktop
Project("{FAE04EC0-301F-11D3-BF4B-00C04F79EFBC}") = "kontur-server-core", "kontur-server-core\kontur-server-core.csproj", "{E761EBD8-F777-46E4-A9C5-619FCBDAB0FA}"
EndProject
Project("{FAE04EC0-301F-11D3-BF4B-00C04F79EFBC}") = "contur-server-core-test", "contur-server-core-test\contur-server-core-test.csproj", "{8D7CAFEA-6BE2-4D56-ADE3-08BDE9FCFA82}"
EndProject
Project("{FAE04EC0-301F-11D3-BF4B-00C04F79EFBC}") = "simple-app", "simple-app\simple-app.csproj", "{E5AE7B59-C770-4C8B-9018-B1DB631A40D4}"
EndProject
Global
	GlobalSection(SolutionConfigurationPlatforms) = preSolution
		Debug|Any CPU = Debug|Any CPU
		Release|Any CPU = Release|Any CPU
	EndGlobalSection
	GlobalSection(ProjectConfigurationPlatforms) = postSolution
		{E761EBD8-F777-46E4-A9C5-619FCBDAB0FA}.Debug|Any CPU.ActiveCfg = Debug|Any CPU
		{E761EBD8-F777-46E4-A9C5-619FCBDAB0FA}.Debug|Any CPU.Build.0 = Debug|Any CPU
		{E761EBD8-F777-46E4-A9C5-619FCBDAB0FA}.Release|Any CPU.ActiveCfg = Release|Any CPU
		{E761EBD8-F777-46E4-A9C5-619FCBDAB0FA}.Release|Any CPU.Build.0 = Release|Any CPU
		{8D7CAFEA-6BE2-4D56-ADE3-08BDE9FCFA82}.Debug|Any CPU.ActiveCfg = Debug|Any CPU
		{8D7CAFEA-6BE2-4D56-ADE3-08BDE9FCFA82}.Debug|Any CPU.Build.0 = Debug|Any CPU
		{8D7CAFEA-6BE2-4D56-ADE3-08BDE9FCFA82}.Release|Any CPU.ActiveCfg = Release|Any CPU
		{8D7CAFEA-6BE2-4D56-ADE3-08BDE9FCFA82}.Release|Any CPU.Build.0 = Release|Any CPU
		{E5AE7B59-C770-4C8B-9018-B1DB631A40D4}.Debug|Any CPU.ActiveCfg = Debug|Any CPU
		{E5AE7B59-C770-4C8B-9018-B1DB631A40D4}.Debug|Any CPU.Build.0 = Debug|Any CPU
		{E5AE7B59-C770-4C8B-9018-B1DB631A40D4}.Release|Any CPU.ActiveCfg = Release|Any CPU
		{E5AE7B59-C770-4C8B-9018-B1DB631A40D4}.Release|Any CPU.Build.0 = Release|Any CPU
	EndGlobalSection
	GlobalSection(SolutionProperties) = preSolution
		HideSolutionNode = FALSE
	EndGlobalSection
EndGlobal
